
Microsoft Visual Studio Solution File, Format Version 12.00
# Visual Studio Version 17
VisualStudioVersion = 17.3.32804.467
MinimumVisualStudioVersion = 10.0.40219.1
Project("{FAE04EC0-301F-11D3-BF4B-00C04F79EFBC}") = "Sep30Exercises", "Sep30Exercises\Sep30Exercises.csproj", "{34B26BD4-19BC-42F7-831A-97D06709293E}"
EndProject
Project("{FAE04EC0-301F-11D3-BF4B-00C04F79EFBC}") = "Sep30", "Sep30\Sep30.csproj", "{03AD4942-36D9-48D4-B4E1-D0B5C00B9C64}"
EndProject
Global
	GlobalSection(SolutionConfigurationPlatforms) = preSolution
		Debug|Any CPU = Debug|Any CPU
		Release|Any CPU = Release|Any CPU
	EndGlobalSection
	GlobalSection(ProjectConfigurationPlatforms) = postSolution
		{34B26BD4-19BC-42F7-831A-97D06709293E}.Debug|Any CPU.ActiveCfg = Debug|Any CPU
		{34B26BD4-19BC-42F7-831A-97D06709293E}.Debug|Any CPU.Build.0 = Debug|Any CPU
		{34B26BD4-19BC-42F7-831A-97D06709293E}.Release|Any CPU.ActiveCfg = Release|Any CPU
		{34B26BD4-19BC-42F7-831A-97D06709293E}.Release|Any CPU.Build.0 = Release|Any CPU
		{03AD4942-36D9-48D4-B4E1-D0B5C00B9C64}.Debug|Any CPU.ActiveCfg = Debug|Any CPU
		{03AD4942-36D9-48D4-B4E1-D0B5C00B9C64}.Debug|Any CPU.Build.0 = Debug|Any CPU
		{03AD4942-36D9-48D4-B4E1-D0B5C00B9C64}.Release|Any CPU.ActiveCfg = Release|Any CPU
		{03AD4942-36D9-48D4-B4E1-D0B5C00B9C64}.Release|Any CPU.Build.0 = Release|Any CPU
	EndGlobalSection
	GlobalSection(SolutionProperties) = preSolution
		HideSolutionNode = FALSE
	EndGlobalSection
	GlobalSection(ExtensibilityGlobals) = postSolution
		SolutionGuid = {4443B114-F469-471D-85BF-2713AC1F15CA}
	EndGlobalSection
EndGlobal
